// !$*UTF8*$!
{
	archiveVersion = 1;
	classes = {
	};
	objectVersion = 55;
	objects = {

/* Begin PBXBuildFile section */
		6397DB36271D3B6B00FBB80F /* Tests_iOS.swift in Sources */ = {isa = PBXBuildFile; fileRef = 6397DB35271D3B6B00FBB80F /* Tests_iOS.swift */; };
		6397DB38271D3B6B00FBB80F /* Tests_iOSLaunchTests.swift in Sources */ = {isa = PBXBuildFile; fileRef = 6397DB37271D3B6B00FBB80F /* Tests_iOSLaunchTests.swift */; };
		6397DB42271D3B6B00FBB80F /* Tests_macOS.swift in Sources */ = {isa = PBXBuildFile; fileRef = 6397DB41271D3B6B00FBB80F /* Tests_macOS.swift */; };
		6397DB44271D3B6B00FBB80F /* Tests_macOSLaunchTests.swift in Sources */ = {isa = PBXBuildFile; fileRef = 6397DB43271D3B6B00FBB80F /* Tests_macOSLaunchTests.swift */; };
		6397DB45271D3B6B00FBB80F /* SwiftUiStudyApp.swift in Sources */ = {isa = PBXBuildFile; fileRef = 6397DB1D271D3B6900FBB80F /* SwiftUiStudyApp.swift */; };
		6397DB46271D3B6B00FBB80F /* SwiftUiStudyApp.swift in Sources */ = {isa = PBXBuildFile; fileRef = 6397DB1D271D3B6900FBB80F /* SwiftUiStudyApp.swift */; };
		6397DB47271D3B6B00FBB80F /* ContentView.swift in Sources */ = {isa = PBXBuildFile; fileRef = 6397DB1E271D3B6900FBB80F /* ContentView.swift */; };
		6397DB48271D3B6B00FBB80F /* ContentView.swift in Sources */ = {isa = PBXBuildFile; fileRef = 6397DB1E271D3B6900FBB80F /* ContentView.swift */; };
		6397DB49271D3B6B00FBB80F /* Assets.xcassets in Resources */ = {isa = PBXBuildFile; fileRef = 6397DB1F271D3B6B00FBB80F /* Assets.xcassets */; };
		6397DB4A271D3B6B00FBB80F /* Assets.xcassets in Resources */ = {isa = PBXBuildFile; fileRef = 6397DB1F271D3B6B00FBB80F /* Assets.xcassets */; };
/* End PBXBuildFile section */

/* Begin PBXContainerItemProxy section */
		6397DB32271D3B6B00FBB80F /* PBXContainerItemProxy */ = {
			isa = PBXContainerItemProxy;
			containerPortal = 6397DB18271D3B6800FBB80F /* Project object */;
			proxyType = 1;
			remoteGlobalIDString = 6397DB23271D3B6B00FBB80F;
			remoteInfo = "SwiftUiStudy (iOS)";
		};
		6397DB3E271D3B6B00FBB80F /* PBXContainerItemProxy */ = {
			isa = PBXContainerItemProxy;
			containerPortal = 6397DB18271D3B6800FBB80F /* Project object */;
			proxyType = 1;
			remoteGlobalIDString = 6397DB29271D3B6B00FBB80F;
			remoteInfo = "SwiftUiStudy (macOS)";
		};
/* End PBXContainerItemProxy section */

/* Begin PBXFileReference section */
		6397DB1D271D3B6900FBB80F /* SwiftUiStudyApp.swift */ = {isa = PBXFileReference; lastKnownFileType = sourcecode.swift; path = SwiftUiStudyApp.swift; sourceTree = "<group>"; };
		6397DB1E271D3B6900FBB80F /* ContentView.swift */ = {isa = PBXFileReference; lastKnownFileType = sourcecode.swift; path = ContentView.swift; sourceTree = "<group>"; };
		6397DB1F271D3B6B00FBB80F /* Assets.xcassets */ = {isa = PBXFileReference; lastKnownFileType = folder.assetcatalog; path = Assets.xcassets; sourceTree = "<group>"; };
		6397DB24271D3B6B00FBB80F /* SwiftUiStudy.app */ = {isa = PBXFileReference; explicitFileType = wrapper.application; includeInIndex = 0; path = SwiftUiStudy.app; sourceTree = BUILT_PRODUCTS_DIR; };
		6397DB2A271D3B6B00FBB80F /* SwiftUiStudy.app */ = {isa = PBXFileReference; explicitFileType = wrapper.application; includeInIndex = 0; path = SwiftUiStudy.app; sourceTree = BUILT_PRODUCTS_DIR; };
		6397DB2C271D3B6B00FBB80F /* macOS.entitlements */ = {isa = PBXFileReference; lastKnownFileType = text.plist.entitlements; path = macOS.entitlements; sourceTree = "<group>"; };
		6397DB31271D3B6B00FBB80F /* Tests iOS.xctest */ = {isa = PBXFileReference; explicitFileType = wrapper.cfbundle; includeInIndex = 0; path = "Tests iOS.xctest"; sourceTree = BUILT_PRODUCTS_DIR; };
		6397DB35271D3B6B00FBB80F /* Tests_iOS.swift */ = {isa = PBXFileReference; lastKnownFileType = sourcecode.swift; path = Tests_iOS.swift; sourceTree = "<group>"; };
		6397DB37271D3B6B00FBB80F /* Tests_iOSLaunchTests.swift */ = {isa = PBXFileReference; lastKnownFileType = sourcecode.swift; path = Tests_iOSLaunchTests.swift; sourceTree = "<group>"; };
		6397DB3D271D3B6B00FBB80F /* Tests macOS.xctest */ = {isa = PBXFileReference; explicitFileType = wrapper.cfbundle; includeInIndex = 0; path = "Tests macOS.xctest"; sourceTree = BUILT_PRODUCTS_DIR; };
		6397DB41271D3B6B00FBB80F /* Tests_macOS.swift */ = {isa = PBXFileReference; lastKnownFileType = sourcecode.swift; path = Tests_macOS.swift; sourceTree = "<group>"; };
		6397DB43271D3B6B00FBB80F /* Tests_macOSLaunchTests.swift */ = {isa = PBXFileReference; lastKnownFileType = sourcecode.swift; path = Tests_macOSLaunchTests.swift; sourceTree = "<group>"; };
/* End PBXFileReference section */

/* Begin PBXFrameworksBuildPhase section */
		6397DB21271D3B6B00FBB80F /* Frameworks */ = {
			isa = PBXFrameworksBuildPhase;
			buildActionMask = 2147483647;
			files = (
			);
			runOnlyForDeploymentPostprocessing = 0;
		};
		6397DB27271D3B6B00FBB80F /* Frameworks */ = {
			isa = PBXFrameworksBuildPhase;
			buildActionMask = 2147483647;
			files = (
			);
			runOnlyForDeploymentPostprocessing = 0;
		};
		6397DB2E271D3B6B00FBB80F /* Frameworks */ = {
			isa = PBXFrameworksBuildPhase;
			buildActionMask = 2147483647;
			files = (
			);
			runOnlyForDeploymentPostprocessing = 0;
		};
		6397DB3A271D3B6B00FBB80F /* Frameworks */ = {
			isa = PBXFrameworksBuildPhase;
			buildActionMask = 2147483647;
			files = (
			);
			runOnlyForDeploymentPostprocessing = 0;
		};
/* End PBXFrameworksBuildPhase section */

/* Begin PBXGroup section */
		6397DB17271D3B6800FBB80F = {
			isa = PBXGroup;
			children = (
				6397DB1C271D3B6900FBB80F /* Shared */,
				6397DB2B271D3B6B00FBB80F /* macOS */,
				6397DB34271D3B6B00FBB80F /* Tests iOS */,
				6397DB40271D3B6B00FBB80F /* Tests macOS */,
				6397DB25271D3B6B00FBB80F /* Products */,
			);
			sourceTree = "<group>";
		};
		6397DB1C271D3B6900FBB80F /* Shared */ = {
			isa = PBXGroup;
			children = (
				6397DB1D271D3B6900FBB80F /* SwiftUiStudyApp.swift */,
				6397DB1E271D3B6900FBB80F /* ContentView.swift */,
				6397DB1F271D3B6B00FBB80F /* Assets.xcassets */,
			);
			path = Shared;
			sourceTree = "<group>";
		};
		6397DB25271D3B6B00FBB80F /* Products */ = {
			isa = PBXGroup;
			children = (
				6397DB24271D3B6B00FBB80F /* SwiftUiStudy.app */,
				6397DB2A271D3B6B00FBB80F /* SwiftUiStudy.app */,
				6397DB31271D3B6B00FBB80F /* Tests iOS.xctest */,
				6397DB3D271D3B6B00FBB80F /* Tests macOS.xctest */,
			);
			name = Products;
			sourceTree = "<group>";
		};
		6397DB2B271D3B6B00FBB80F /* macOS */ = {
			isa = PBXGroup;
			children = (
				6397DB2C271D3B6B00FBB80F /* macOS.entitlements */,
			);
			path = macOS;
			sourceTree = "<group>";
		};
		6397DB34271D3B6B00FBB80F /* Tests iOS */ = {
			isa = PBXGroup;
			children = (
				6397DB35271D3B6B00FBB80F /* Tests_iOS.swift */,
				6397DB37271D3B6B00FBB80F /* Tests_iOSLaunchTests.swift */,
			);
			path = "Tests iOS";
			sourceTree = "<group>";
		};
		6397DB40271D3B6B00FBB80F /* Tests macOS */ = {
			isa = PBXGroup;
			children = (
				6397DB41271D3B6B00FBB80F /* Tests_macOS.swift */,
				6397DB43271D3B6B00FBB80F /* Tests_macOSLaunchTests.swift */,
			);
			path = "Tests macOS";
			sourceTree = "<group>";
		};
/* End PBXGroup section */

/* Begin PBXNativeTarget section */
		6397DB23271D3B6B00FBB80F /* SwiftUiStudy (iOS) */ = {
			isa = PBXNativeTarget;
			buildConfigurationList = 6397DB4D271D3B6B00FBB80F /* Build configuration list for PBXNativeTarget "SwiftUiStudy (iOS)" */;
			buildPhases = (
				6397DB20271D3B6B00FBB80F /* Sources */,
				6397DB21271D3B6B00FBB80F /* Frameworks */,
				6397DB22271D3B6B00FBB80F /* Resources */,
			);
			buildRules = (
			);
			dependencies = (
			);
			name = "SwiftUiStudy (iOS)";
			productName = "SwiftUiStudy (iOS)";
			productReference = 6397DB24271D3B6B00FBB80F /* SwiftUiStudy.app */;
			productType = "com.apple.product-type.application";
		};
		6397DB29271D3B6B00FBB80F /* SwiftUiStudy (macOS) */ = {
			isa = PBXNativeTarget;
			buildConfigurationList = 6397DB50271D3B6B00FBB80F /* Build configuration list for PBXNativeTarget "SwiftUiStudy (macOS)" */;
			buildPhases = (
				6397DB26271D3B6B00FBB80F /* Sources */,
				6397DB27271D3B6B00FBB80F /* Frameworks */,
				6397DB28271D3B6B00FBB80F /* Resources */,
			);
			buildRules = (
			);
			dependencies = (
			);
			name = "SwiftUiStudy (macOS)";
			productName = "SwiftUiStudy (macOS)";
			productReference = 6397DB2A271D3B6B00FBB80F /* SwiftUiStudy.app */;
			productType = "com.apple.product-type.application";
		};
		6397DB30271D3B6B00FBB80F /* Tests iOS */ = {
			isa = PBXNativeTarget;
			buildConfigurationList = 6397DB53271D3B6B00FBB80F /* Build configuration list for PBXNativeTarget "Tests iOS" */;
			buildPhases = (
				6397DB2D271D3B6B00FBB80F /* Sources */,
				6397DB2E271D3B6B00FBB80F /* Frameworks */,
				6397DB2F271D3B6B00FBB80F /* Resources */,
			);
			buildRules = (
			);
			dependencies = (
				6397DB33271D3B6B00FBB80F /* PBXTargetDependency */,
			);
			name = "Tests iOS";
			productName = "Tests iOS";
			productReference = 6397DB31271D3B6B00FBB80F /* Tests iOS.xctest */;
			productType = "com.apple.product-type.bundle.ui-testing";
		};
		6397DB3C271D3B6B00FBB80F /* Tests macOS */ = {
			isa = PBXNativeTarget;
			buildConfigurationList = 6397DB56271D3B6B00FBB80F /* Build configuration list for PBXNativeTarget "Tests macOS" */;
			buildPhases = (
				6397DB39271D3B6B00FBB80F /* Sources */,
				6397DB3A271D3B6B00FBB80F /* Frameworks */,
				6397DB3B271D3B6B00FBB80F /* Resources */,
			);
			buildRules = (
			);
			dependencies = (
				6397DB3F271D3B6B00FBB80F /* PBXTargetDependency */,
			);
			name = "Tests macOS";
			productName = "Tests macOS";
			productReference = 6397DB3D271D3B6B00FBB80F /* Tests macOS.xctest */;
			productType = "com.apple.product-type.bundle.ui-testing";
		};
/* End PBXNativeTarget section */

/* Begin PBXProject section */
		6397DB18271D3B6800FBB80F /* Project object */ = {
			isa = PBXProject;
			attributes = {
				BuildIndependentTargetsInParallel = 1;
				LastSwiftUpdateCheck = 1300;
				LastUpgradeCheck = 1300;
				TargetAttributes = {
					6397DB23271D3B6B00FBB80F = {
						CreatedOnToolsVersion = 13.0;
					};
					6397DB29271D3B6B00FBB80F = {
						CreatedOnToolsVersion = 13.0;
					};
					6397DB30271D3B6B00FBB80F = {
						CreatedOnToolsVersion = 13.0;
						TestTargetID = 6397DB23271D3B6B00FBB80F;
					};
					6397DB3C271D3B6B00FBB80F = {
						CreatedOnToolsVersion = 13.0;
						TestTargetID = 6397DB29271D3B6B00FBB80F;
					};
				};
			};
			buildConfigurationList = 6397DB1B271D3B6800FBB80F /* Build configuration list for PBXProject "SwiftUiStudy" */;
			compatibilityVersion = "Xcode 13.0";
			developmentRegion = en;
			hasScannedForEncodings = 0;
			knownRegions = (
				en,
				Base,
			);
			mainGroup = 6397DB17271D3B6800FBB80F;
			productRefGroup = 6397DB25271D3B6B00FBB80F /* Products */;
			projectDirPath = "";
			projectRoot = "";
			targets = (
				6397DB23271D3B6B00FBB80F /* SwiftUiStudy (iOS) */,
				6397DB29271D3B6B00FBB80F /* SwiftUiStudy (macOS) */,
				6397DB30271D3B6B00FBB80F /* Tests iOS */,
				6397DB3C271D3B6B00FBB80F /* Tests macOS */,
			);
		};
/* End PBXProject section */

/* Begin PBXResourcesBuildPhase section */
		6397DB22271D3B6B00FBB80F /* Resources */ = {
			isa = PBXResourcesBuildPhase;
			buildActionMask = 2147483647;
			files = (
				6397DB49271D3B6B00FBB80F /* Assets.xcassets in Resources */,
			);
			runOnlyForDeploymentPostprocessing = 0;
		};
		6397DB28271D3B6B00FBB80F /* Resources */ = {
			isa = PBXResourcesBuildPhase;
			buildActionMask = 2147483647;
			files = (
				6397DB4A271D3B6B00FBB80F /* Assets.xcassets in Resources */,
			);
			runOnlyForDeploymentPostprocessing = 0;
		};
		6397DB2F271D3B6B00FBB80F /* Resources */ = {
			isa = PBXResourcesBuildPhase;
			buildActionMask = 2147483647;
			files = (
			);
			runOnlyForDeploymentPostprocessing = 0;
		};
		6397DB3B271D3B6B00FBB80F /* Resources */ = {
			isa = PBXResourcesBuildPhase;
			buildActionMask = 2147483647;
			files = (
			);
			runOnlyForDeploymentPostprocessing = 0;
		};
/* End PBXResourcesBuildPhase section */

/* Begin PBXSourcesBuildPhase section */
		6397DB20271D3B6B00FBB80F /* Sources */ = {
			isa = PBXSourcesBuildPhase;
			buildActionMask = 2147483647;
			files = (
				6397DB47271D3B6B00FBB80F /* ContentView.swift in Sources */,
				6397DB45271D3B6B00FBB80F /* SwiftUiStudyApp.swift in Sources */,
			);
			runOnlyForDeploymentPostprocessing = 0;
		};
		6397DB26271D3B6B00FBB80F /* Sources */ = {
			isa = PBXSourcesBuildPhase;
			buildActionMask = 2147483647;
			files = (
				6397DB48271D3B6B00FBB80F /* ContentView.swift in Sources */,
				6397DB46271D3B6B00FBB80F /* SwiftUiStudyApp.swift in Sources */,
			);
			runOnlyForDeploymentPostprocessing = 0;
		};
		6397DB2D271D3B6B00FBB80F /* Sources */ = {
			isa = PBXSourcesBuildPhase;
			buildActionMask = 2147483647;
			files = (
				6397DB38271D3B6B00FBB80F /* Tests_iOSLaunchTests.swift in Sources */,
				6397DB36271D3B6B00FBB80F /* Tests_iOS.swift in Sources */,
			);
			runOnlyForDeploymentPostprocessing = 0;
		};
		6397DB39271D3B6B00FBB80F /* Sources */ = {
			isa = PBXSourcesBuildPhase;
			buildActionMask = 2147483647;
			files = (
				6397DB44271D3B6B00FBB80F /* Tests_macOSLaunchTests.swift in Sources */,
				6397DB42271D3B6B00FBB80F /* Tests_macOS.swift in Sources */,
			);
			runOnlyForDeploymentPostprocessing = 0;
		};
/* End PBXSourcesBuildPhase section */

/* Begin PBXTargetDependency section */
		6397DB33271D3B6B00FBB80F /* PBXTargetDependency */ = {
			isa = PBXTargetDependency;
			target = 6397DB23271D3B6B00FBB80F /* SwiftUiStudy (iOS) */;
			targetProxy = 6397DB32271D3B6B00FBB80F /* PBXContainerItemProxy */;
		};
		6397DB3F271D3B6B00FBB80F /* PBXTargetDependency */ = {
			isa = PBXTargetDependency;
			target = 6397DB29271D3B6B00FBB80F /* SwiftUiStudy (macOS) */;
			targetProxy = 6397DB3E271D3B6B00FBB80F /* PBXContainerItemProxy */;
		};
/* End PBXTargetDependency section */

/* Begin XCBuildConfiguration section */
		6397DB4B271D3B6B00FBB80F /* Debug */ = {
			isa = XCBuildConfiguration;
			buildSettings = {
				ALWAYS_SEARCH_USER_PATHS = NO;
				CLANG_ANALYZER_NONNULL = YES;
				CLANG_ANALYZER_NUMBER_OBJECT_CONVERSION = YES_AGGRESSIVE;
				CLANG_CXX_LANGUAGE_STANDARD = "gnu++17";
				CLANG_CXX_LIBRARY = "libc++";
				CLANG_ENABLE_MODULES = YES;
				CLANG_ENABLE_OBJC_ARC = YES;
				CLANG_ENABLE_OBJC_WEAK = YES;
				CLANG_WARN_BLOCK_CAPTURE_AUTORELEASING = YES;
				CLANG_WARN_BOOL_CONVERSION = YES;
				CLANG_WARN_COMMA = YES;
				CLANG_WARN_CONSTANT_CONVERSION = YES;
				CLANG_WARN_DEPRECATED_OBJC_IMPLEMENTATIONS = YES;
				CLANG_WARN_DIRECT_OBJC_ISA_USAGE = YES_ERROR;
				CLANG_WARN_DOCUMENTATION_COMMENTS = YES;
				CLANG_WARN_EMPTY_BODY = YES;
				CLANG_WARN_ENUM_CONVERSION = YES;
				CLANG_WARN_INFINITE_RECURSION = YES;
				CLANG_WARN_INT_CONVERSION = YES;
				CLANG_WARN_NON_LITERAL_NULL_CONVERSION = YES;
				CLANG_WARN_OBJC_IMPLICIT_RETAIN_SELF = YES;
				CLANG_WARN_OBJC_LITERAL_CONVERSION = YES;
				CLANG_WARN_OBJC_ROOT_CLASS = YES_ERROR;
				CLANG_WARN_QUOTED_INCLUDE_IN_FRAMEWORK_HEADER = YES;
				CLANG_WARN_RANGE_LOOP_ANALYSIS = YES;
				CLANG_WARN_STRICT_PROTOTYPES = YES;
				CLANG_WARN_SUSPICIOUS_MOVE = YES;
				CLANG_WARN_UNGUARDED_AVAILABILITY = YES_AGGRESSIVE;
				CLANG_WARN_UNREACHABLE_CODE = YES;
				CLANG_WARN__DUPLICATE_METHOD_MATCH = YES;
				COPY_PHASE_STRIP = NO;
				DEBUG_INFORMATION_FORMAT = dwarf;
				ENABLE_STRICT_OBJC_MSGSEND = YES;
				ENABLE_TESTABILITY = YES;
				GCC_C_LANGUAGE_STANDARD = gnu11;
				GCC_DYNAMIC_NO_PIC = NO;
				GCC_NO_COMMON_BLOCKS = YES;
				GCC_OPTIMIZATION_LEVEL = 0;
				GCC_PREPROCESSOR_DEFINITIONS = (
					"DEBUG=1",
					"$(inherited)",
				);
				GCC_WARN_64_TO_32_BIT_CONVERSION = YES;
				GCC_WARN_ABOUT_RETURN_TYPE = YES_ERROR;
				GCC_WARN_UNDECLARED_SELECTOR = YES;
				GCC_WARN_UNINITIALIZED_AUTOS = YES_AGGRESSIVE;
				GCC_WARN_UNUSED_FUNCTION = YES;
				GCC_WARN_UNUSED_VARIABLE = YES;
				MTL_ENABLE_DEBUG_INFO = INCLUDE_SOURCE;
				MTL_FAST_MATH = YES;
				ONLY_ACTIVE_ARCH = YES;
				SWIFT_ACTIVE_COMPILATION_CONDITIONS = DEBUG;
				SWIFT_OPTIMIZATION_LEVEL = "-Onone";
			};
			name = Debug;
		};
		6397DB4C271D3B6B00FBB80F /* Release */ = {
			isa = XCBuildConfiguration;
			buildSettings = {
				ALWAYS_SEARCH_USER_PATHS = NO;
				CLANG_ANALYZER_NONNULL = YES;
				CLANG_ANALYZER_NUMBER_OBJECT_CONVERSION = YES_AGGRESSIVE;
				CLANG_CXX_LANGUAGE_STANDARD = "gnu++17";
				CLANG_CXX_LIBRARY = "libc++";
				CLANG_ENABLE_MODULES = YES;
				CLANG_ENABLE_OBJC_ARC = YES;
				CLANG_ENABLE_OBJC_WEAK = YES;
				CLANG_WARN_BLOCK_CAPTURE_AUTORELEASING = YES;
				CLANG_WARN_BOOL_CONVERSION = YES;
				CLANG_WARN_COMMA = YES;
				CLANG_WARN_CONSTANT_CONVERSION = YES;
				CLANG_WARN_DEPRECATED_OBJC_IMPLEMENTATIONS = YES;
				CLANG_WARN_DIRECT_OBJC_ISA_USAGE = YES_ERROR;
				CLANG_WARN_DOCUMENTATION_COMMENTS = YES;
				CLANG_WARN_EMPTY_BODY = YES;
				CLANG_WARN_ENUM_CONVERSION = YES;
				CLANG_WARN_INFINITE_RECURSION = YES;
				CLANG_WARN_INT_CONVERSION = YES;
				CLANG_WARN_NON_LITERAL_NULL_CONVERSION = YES;
				CLANG_WARN_OBJC_IMPLICIT_RETAIN_SELF = YES;
				CLANG_WARN_OBJC_LITERAL_CONVERSION = YES;
				CLANG_WARN_OBJC_ROOT_CLASS = YES_ERROR;
				CLANG_WARN_QUOTED_INCLUDE_IN_FRAMEWORK_HEADER = YES;
				CLANG_WARN_RANGE_LOOP_ANALYSIS = YES;
				CLANG_WARN_STRICT_PROTOTYPES = YES;
				CLANG_WARN_SUSPICIOUS_MOVE = YES;
				CLANG_WARN_UNGUARDED_AVAILABILITY = YES_AGGRESSIVE;
				CLANG_WARN_UNREACHABLE_CODE = YES;
				CLANG_WARN__DUPLICATE_METHOD_MATCH = YES;
				COPY_PHASE_STRIP = NO;
				DEBUG_INFORMATION_FORMAT = "dwarf-with-dsym";
				ENABLE_NS_ASSERTIONS = NO;
				ENABLE_STRICT_OBJC_MSGSEND = YES;
				GCC_C_LANGUAGE_STANDARD = gnu11;
				GCC_NO_COMMON_BLOCKS = YES;
				GCC_WARN_64_TO_32_BIT_CONVERSION = YES;
				GCC_WARN_ABOUT_RETURN_TYPE = YES_ERROR;
				GCC_WARN_UNDECLARED_SELECTOR = YES;
				GCC_WARN_UNINITIALIZED_AUTOS = YES_AGGRESSIVE;
				GCC_WARN_UNUSED_FUNCTION = YES;
				GCC_WARN_UNUSED_VARIABLE = YES;
				MTL_ENABLE_DEBUG_INFO = NO;
				MTL_FAST_MATH = YES;
				SWIFT_COMPILATION_MODE = wholemodule;
				SWIFT_OPTIMIZATION_LEVEL = "-O";
			};
			name = Release;
		};
		6397DB4E271D3B6B00FBB80F /* Debug */ = {
			isa = XCBuildConfiguration;
			buildSettings = {
				ASSETCATALOG_COMPILER_APPICON_NAME = AppIcon;
				ASSETCATALOG_COMPILER_GLOBAL_ACCENT_COLOR_NAME = AccentColor;
				CODE_SIGN_STYLE = Automatic;
				CURRENT_PROJECT_VERSION = 1;
				ENABLE_PREVIEWS = YES;
				GENERATE_INFOPLIST_FILE = YES;
				INFOPLIST_KEY_UIApplicationSceneManifest_Generation = YES;
				INFOPLIST_KEY_UIApplicationSupportsIndirectInputEvents = YES;
				INFOPLIST_KEY_UILaunchScreen_Generation = YES;
				INFOPLIST_KEY_UISupportedInterfaceOrientations_iPad = "UIInterfaceOrientationPortrait UIInterfaceOrientationPortraitUpsideDown UIInterfaceOrientationLandscapeLeft UIInterfaceOrientationLandscapeRight";
				INFOPLIST_KEY_UISupportedInterfaceOrientations_iPhone = "UIInterfaceOrientationPortrait UIInterfaceOrientationLandscapeLeft UIInterfaceOrientationLandscapeRight";
				IPHONEOS_DEPLOYMENT_TARGET = 14.0;
				LD_RUNPATH_SEARCH_PATHS = (
					"$(inherited)",
					"@executable_path/Frameworks",
				);
				MARKETING_VERSION = 1.0;
				PRODUCT_BUNDLE_IDENTIFIER = basic.SwiftUiStudy;
				PRODUCT_NAME = SwiftUiStudy;
				SDKROOT = iphoneos;
				SWIFT_EMIT_LOC_STRINGS = YES;
				SWIFT_VERSION = 5.0;
				TARGETED_DEVICE_FAMILY = "1,2";
			};
			name = Debug;
		};
		6397DB4F271D3B6B00FBB80F /* Release */ = {
			isa = XCBuildConfiguration;
			buildSettings = {
				ASSETCATALOG_COMPILER_APPICON_NAME = AppIcon;
				ASSETCATALOG_COMPILER_GLOBAL_ACCENT_COLOR_NAME = AccentColor;
				CODE_SIGN_STYLE = Automatic;
				CURRENT_PROJECT_VERSION = 1;
				ENABLE_PREVIEWS = YES;
				GENERATE_INFOPLIST_FILE = YES;
				INFOPLIST_KEY_UIApplicationSceneManifest_Generation = YES;
				INFOPLIST_KEY_UIApplicationSupportsIndirectInputEvents = YES;
				INFOPLIST_KEY_UILaunchScreen_Generation = YES;
				INFOPLIST_KEY_UISupportedInterfaceOrientations_iPad = "UIInterfaceOrientationPortrait UIInterfaceOrientationPortraitUpsideDown UIInterfaceOrientationLandscapeLeft UIInterfaceOrientationLandscapeRight";
				INFOPLIST_KEY_UISupportedInterfaceOrientations_iPhone = "UIInterfaceOrientationPortrait UIInterfaceOrientationLandscapeLeft UIInterfaceOrientationLandscapeRight";
				IPHONEOS_DEPLOYMENT_TARGET = 14.0;
				LD_RUNPATH_SEARCH_PATHS = (
					"$(inherited)",
					"@executable_path/Frameworks",
				);
				MARKETING_VERSION = 1.0;
				PRODUCT_BUNDLE_IDENTIFIER = basic.SwiftUiStudy;
				PRODUCT_NAME = SwiftUiStudy;
				SDKROOT = iphoneos;
				SWIFT_EMIT_LOC_STRINGS = YES;
				SWIFT_VERSION = 5.0;
				TARGETED_DEVICE_FAMILY = "1,2";
				VALIDATE_PRODUCT = YES;
			};
			name = Release;
		};
		6397DB51271D3B6B00FBB80F /* Debug */ = {
			isa = XCBuildConfiguration;
			buildSettings = {
				ASSETCATALOG_COMPILER_APPICON_NAME = AppIcon;
				ASSETCATALOG_COMPILER_GLOBAL_ACCENT_COLOR_NAME = AccentColor;
				CODE_SIGN_ENTITLEMENTS = macOS/macOS.entitlements;
				CODE_SIGN_STYLE = Automatic;
				COMBINE_HIDPI_IMAGES = YES;
				CURRENT_PROJECT_VERSION = 1;
				ENABLE_PREVIEWS = YES;
				GENERATE_INFOPLIST_FILE = YES;
				INFOPLIST_KEY_NSHumanReadableCopyright = "";
				LD_RUNPATH_SEARCH_PATHS = (
					"$(inherited)",
					"@executable_path/../Frameworks",
				);
				MACOSX_DEPLOYMENT_TARGET = 11.0;
				MARKETING_VERSION = 1.0;
				PRODUCT_BUNDLE_IDENTIFIER = basic.SwiftUiStudy;
				PRODUCT_NAME = SwiftUiStudy;
				SDKROOT = macosx;
				SWIFT_EMIT_LOC_STRINGS = YES;
				SWIFT_VERSION = 5.0;
			};
			name = Debug;
		};
		6397DB52271D3B6B00FBB80F /* Release */ = {
			isa = XCBuildConfiguration;
			buildSettings = {
				ASSETCATALOG_COMPILER_APPICON_NAME = AppIcon;
				ASSETCATALOG_COMPILER_GLOBAL_ACCENT_COLOR_NAME = AccentColor;
				CODE_SIGN_ENTITLEMENTS = macOS/macOS.entitlements;
				CODE_SIGN_STYLE = Automatic;
				COMBINE_HIDPI_IMAGES = YES;
				CURRENT_PROJECT_VERSION = 1;
				ENABLE_PREVIEWS = YES;
				GENERATE_INFOPLIST_FILE = YES;
				INFOPLIST_KEY_NSHumanReadableCopyright = "";
				LD_RUNPATH_SEARCH_PATHS = (
					"$(inherited)",
					"@executable_path/../Frameworks",
				);
				MACOSX_DEPLOYMENT_TARGET = 11.0;
				MARKETING_VERSION = 1.0;
				PRODUCT_BUNDLE_IDENTIFIER = basic.SwiftUiStudy;
				PRODUCT_NAME = SwiftUiStudy;
				SDKROOT = macosx;
				SWIFT_EMIT_LOC_STRINGS = YES;
				SWIFT_VERSION = 5.0;
			};
			name = Release;
		};
		6397DB54271D3B6B00FBB80F /* Debug */ = {
			isa = XCBuildConfiguration;
			buildSettings = {
				ALWAYS_EMBED_SWIFT_STANDARD_LIBRARIES = YES;
				CODE_SIGN_STYLE = Automatic;
				CURRENT_PROJECT_VERSION = 1;
				GENERATE_INFOPLIST_FILE = YES;
				IPHONEOS_DEPLOYMENT_TARGET = 15.0;
				LD_RUNPATH_SEARCH_PATHS = (
					"$(inherited)",
					"@executable_path/Frameworks",
					"@loader_path/Frameworks",
				);
				MARKETING_VERSION = 1.0;
				PRODUCT_BUNDLE_IDENTIFIER = "basic.Tests-iOS";
				PRODUCT_NAME = "$(TARGET_NAME)";
				SDKROOT = iphoneos;
				SWIFT_EMIT_LOC_STRINGS = NO;
				SWIFT_VERSION = 5.0;
				TARGETED_DEVICE_FAMILY = "1,2";
				TEST_TARGET_NAME = "SwiftUiStudy (iOS)";
			};
			name = Debug;
		};
		6397DB55271D3B6B00FBB80F /* Release */ = {
			isa = XCBuildConfiguration;
			buildSettings = {
				ALWAYS_EMBED_SWIFT_STANDARD_LIBRARIES = YES;
				CODE_SIGN_STYLE = Automatic;
				CURRENT_PROJECT_VERSION = 1;
				GENERATE_INFOPLIST_FILE = YES;
				IPHONEOS_DEPLOYMENT_TARGET = 15.0;
				LD_RUNPATH_SEARCH_PATHS = (
					"$(inherited)",
					"@executable_path/Frameworks",
					"@loader_path/Frameworks",
				);
				MARKETING_VERSION = 1.0;
				PRODUCT_BUNDLE_IDENTIFIER = "basic.Tests-iOS";
				PRODUCT_NAME = "$(TARGET_NAME)";
				SDKROOT = iphoneos;
				SWIFT_EMIT_LOC_STRINGS = NO;
				SWIFT_VERSION = 5.0;
				TARGETED_DEVICE_FAMILY = "1,2";
				TEST_TARGET_NAME = "SwiftUiStudy (iOS)";
				VALIDATE_PRODUCT = YES;
			};
			name = Release;
		};
		6397DB57271D3B6B00FBB80F /* Debug */ = {
			isa = XCBuildConfiguration;
			buildSettings = {
				ALWAYS_EMBED_SWIFT_STANDARD_LIBRARIES = YES;
				CODE_SIGN_STYLE = Automatic;
				COMBINE_HIDPI_IMAGES = YES;
				CURRENT_PROJECT_VERSION = 1;
				GENERATE_INFOPLIST_FILE = YES;
				LD_RUNPATH_SEARCH_PATHS = (
					"$(inherited)",
					"@executable_path/../Frameworks",
					"@loader_path/../Frameworks",
				);
				MACOSX_DEPLOYMENT_TARGET = 11.3;
				MARKETING_VERSION = 1.0;
				PRODUCT_BUNDLE_IDENTIFIER = "basic.Tests-macOS";
				PRODUCT_NAME = "$(TARGET_NAME)";
				SDKROOT = macosx;
				SWIFT_EMIT_LOC_STRINGS = NO;
				SWIFT_VERSION = 5.0;
				TEST_TARGET_NAME = "SwiftUiStudy (macOS)";
			};
			name = Debug;
		};
		6397DB58271D3B6B00FBB80F /* Release */ = {
			isa = XCBuildConfiguration;
			buildSettings = {
				ALWAYS_EMBED_SWIFT_STANDARD_LIBRARIES = YES;
				CODE_SIGN_STYLE = Automatic;
				COMBINE_HIDPI_IMAGES = YES;
				CURRENT_PROJECT_VERSION = 1;
				GENERATE_INFOPLIST_FILE = YES;
				LD_RUNPATH_SEARCH_PATHS = (
					"$(inherited)",
					"@executable_path/../Frameworks",
					"@loader_path/../Frameworks",
				);
				MACOSX_DEPLOYMENT_TARGET = 11.3;
				MARKETING_VERSION = 1.0;
				PRODUCT_BUNDLE_IDENTIFIER = "basic.Tests-macOS";
				PRODUCT_NAME = "$(TARGET_NAME)";
				SDKROOT = macosx;
				SWIFT_EMIT_LOC_STRINGS = NO;
				SWIFT_VERSION = 5.0;
				TEST_TARGET_NAME = "SwiftUiStudy (macOS)";
			};
			name = Release;
		};
/* End XCBuildConfiguration section */

/* Begin XCConfigurationList section */
		6397DB1B271D3B6800FBB80F /* Build configuration list for PBXProject "SwiftUiStudy" */ = {
			isa = XCConfigurationList;
			buildConfigurations = (
				6397DB4B271D3B6B00FBB80F /* Debug */,
				6397DB4C271D3B6B00FBB80F /* Release */,
			);
			defaultConfigurationIsVisible = 0;
			defaultConfigurationName = Release;
		};
		6397DB4D271D3B6B00FBB80F /* Build configuration list for PBXNativeTarget "SwiftUiStudy (iOS)" */ = {
			isa = XCConfigurationList;
			buildConfigurations = (
				6397DB4E271D3B6B00FBB80F /* Debug */,
				6397DB4F271D3B6B00FBB80F /* Release */,
			);
			defaultConfigurationIsVisible = 0;
			defaultConfigurationName = Release;
		};
		6397DB50271D3B6B00FBB80F /* Build configuration list for PBXNativeTarget "SwiftUiStudy (macOS)" */ = {
			isa = XCConfigurationList;
			buildConfigurations = (
				6397DB51271D3B6B00FBB80F /* Debug */,
				6397DB52271D3B6B00FBB80F /* Release */,
			);
			defaultConfigurationIsVisible = 0;
			defaultConfigurationName = Release;
		};
		6397DB53271D3B6B00FBB80F /* Build configuration list for PBXNativeTarget "Tests iOS" */ = {
			isa = XCConfigurationList;
			buildConfigurations = (
				6397DB54271D3B6B00FBB80F /* Debug */,
				6397DB55271D3B6B00FBB80F /* Release */,
			);
			defaultConfigurationIsVisible = 0;
			defaultConfigurationName = Release;
		};
		6397DB56271D3B6B00FBB80F /* Build configuration list for PBXNativeTarget "Tests macOS" */ = {
			isa = XCConfigurationList;
			buildConfigurations = (
				6397DB57271D3B6B00FBB80F /* Debug */,
				6397DB58271D3B6B00FBB80F /* Release */,
			);
			defaultConfigurationIsVisible = 0;
			defaultConfigurationName = Release;
		};
/* End XCConfigurationList section */
	};
	rootObject = 6397DB18271D3B6800FBB80F /* Project object */;
}
