// !$*UTF8*$!
{
	archiveVersion = 1;
	classes = {
	};
	objectVersion = 50;
	objects = {

/* Begin PBXBuildFile section */
		63BAFEEF26F1CA460084DE71 /* AppDelegate.swift in Sources */ = {isa = PBXBuildFile; fileRef = 63BAFEEE26F1CA460084DE71 /* AppDelegate.swift */; };
		63BAFEF126F1CA460084DE71 /* SceneDelegate.swift in Sources */ = {isa = PBXBuildFile; fileRef = 63BAFEF026F1CA460084DE71 /* SceneDelegate.swift */; };
		63BAFEF326F1CA460084DE71 /* ContentView.swift in Sources */ = {isa = PBXBuildFile; fileRef = 63BAFEF226F1CA460084DE71 /* ContentView.swift */; };
		63BAFEF526F1CA480084DE71 /* Assets.xcassets in Resources */ = {isa = PBXBuildFile; fileRef = 63BAFEF426F1CA480084DE71 /* Assets.xcassets */; };
		63BAFEF826F1CA480084DE71 /* Preview Assets.xcassets in Resources */ = {isa = PBXBuildFile; fileRef = 63BAFEF726F1CA480084DE71 /* Preview Assets.xcassets */; };
		63BAFEFB26F1CA480084DE71 /* LaunchScreen.storyboard in Resources */ = {isa = PBXBuildFile; fileRef = 63BAFEF926F1CA480084DE71 /* LaunchScreen.storyboard */; };
		63BAFF0626F1CA480084DE71 /* NextStepTests.swift in Sources */ = {isa = PBXBuildFile; fileRef = 63BAFF0526F1CA480084DE71 /* NextStepTests.swift */; };
		63BAFF1126F1CA480084DE71 /* NextStepUITests.swift in Sources */ = {isa = PBXBuildFile; fileRef = 63BAFF1026F1CA480084DE71 /* NextStepUITests.swift */; };
/* End PBXBuildFile section */

/* Begin PBXContainerItemProxy section */
		63BAFF0226F1CA480084DE71 /* PBXContainerItemProxy */ = {
			isa = PBXContainerItemProxy;
			containerPortal = 63BAFEE326F1CA460084DE71 /* Project object */;
			proxyType = 1;
			remoteGlobalIDString = 63BAFEEA26F1CA460084DE71;
			remoteInfo = NextStep;
		};
		63BAFF0D26F1CA480084DE71 /* PBXContainerItemProxy */ = {
			isa = PBXContainerItemProxy;
			containerPortal = 63BAFEE326F1CA460084DE71 /* Project object */;
			proxyType = 1;
			remoteGlobalIDString = 63BAFEEA26F1CA460084DE71;
			remoteInfo = NextStep;
		};
/* End PBXContainerItemProxy section */

/* Begin PBXFileReference section */
		63BAFEEB26F1CA460084DE71 /* NextStep.app */ = {isa = PBXFileReference; explicitFileType = wrapper.application; includeInIndex = 0; path = NextStep.app; sourceTree = BUILT_PRODUCTS_DIR; };
		63BAFEEE26F1CA460084DE71 /* AppDelegate.swift */ = {isa = PBXFileReference; lastKnownFileType = sourcecode.swift; path = AppDelegate.swift; sourceTree = "<group>"; };
		63BAFEF026F1CA460084DE71 /* SceneDelegate.swift */ = {isa = PBXFileReference; lastKnownFileType = sourcecode.swift; path = SceneDelegate.swift; sourceTree = "<group>"; };
		63BAFEF226F1CA460084DE71 /* ContentView.swift */ = {isa = PBXFileReference; lastKnownFileType = sourcecode.swift; path = ContentView.swift; sourceTree = "<group>"; };
		63BAFEF426F1CA480084DE71 /* Assets.xcassets */ = {isa = PBXFileReference; lastKnownFileType = folder.assetcatalog; path = Assets.xcassets; sourceTree = "<group>"; };
		63BAFEF726F1CA480084DE71 /* Preview Assets.xcassets */ = {isa = PBXFileReference; lastKnownFileType = folder.assetcatalog; path = "Preview Assets.xcassets"; sourceTree = "<group>"; };
		63BAFEFA26F1CA480084DE71 /* Base */ = {isa = PBXFileReference; lastKnownFileType = file.storyboard; name = Base; path = Base.lproj/LaunchScreen.storyboard; sourceTree = "<group>"; };
		63BAFEFC26F1CA480084DE71 /* Info.plist */ = {isa = PBXFileReference; lastKnownFileType = text.plist.xml; path = Info.plist; sourceTree = "<group>"; };
		63BAFF0126F1CA480084DE71 /* NextStepTests.xctest */ = {isa = PBXFileReference; explicitFileType = wrapper.cfbundle; includeInIndex = 0; path = NextStepTests.xctest; sourceTree = BUILT_PRODUCTS_DIR; };
		63BAFF0526F1CA480084DE71 /* NextStepTests.swift */ = {isa = PBXFileReference; lastKnownFileType = sourcecode.swift; path = NextStepTests.swift; sourceTree = "<group>"; };
		63BAFF0726F1CA480084DE71 /* Info.plist */ = {isa = PBXFileReference; lastKnownFileType = text.plist.xml; path = Info.plist; sourceTree = "<group>"; };
		63BAFF0C26F1CA480084DE71 /* NextStepUITests.xctest */ = {isa = PBXFileReference; explicitFileType = wrapper.cfbundle; includeInIndex = 0; path = NextStepUITests.xctest; sourceTree = BUILT_PRODUCTS_DIR; };
		63BAFF1026F1CA480084DE71 /* NextStepUITests.swift */ = {isa = PBXFileReference; lastKnownFileType = sourcecode.swift; path = NextStepUITests.swift; sourceTree = "<group>"; };
		63BAFF1226F1CA480084DE71 /* Info.plist */ = {isa = PBXFileReference; lastKnownFileType = text.plist.xml; path = Info.plist; sourceTree = "<group>"; };
/* End PBXFileReference section */

/* Begin PBXFrameworksBuildPhase section */
		63BAFEE826F1CA460084DE71 /* Frameworks */ = {
			isa = PBXFrameworksBuildPhase;
			buildActionMask = 2147483647;
			files = (
			);
			runOnlyForDeploymentPostprocessing = 0;
		};
		63BAFEFE26F1CA480084DE71 /* Frameworks */ = {
			isa = PBXFrameworksBuildPhase;
			buildActionMask = 2147483647;
			files = (
			);
			runOnlyForDeploymentPostprocessing = 0;
		};
		63BAFF0926F1CA480084DE71 /* Frameworks */ = {
			isa = PBXFrameworksBuildPhase;
			buildActionMask = 2147483647;
			files = (
			);
			runOnlyForDeploymentPostprocessing = 0;
		};
/* End PBXFrameworksBuildPhase section */

/* Begin PBXGroup section */
		63BAFEE226F1CA460084DE71 = {
			isa = PBXGroup;
			children = (
				63BAFEED26F1CA460084DE71 /* NextStep */,
				63BAFF0426F1CA480084DE71 /* NextStepTests */,
				63BAFF0F26F1CA480084DE71 /* NextStepUITests */,
				63BAFEEC26F1CA460084DE71 /* Products */,
			);
			sourceTree = "<group>";
		};
		63BAFEEC26F1CA460084DE71 /* Products */ = {
			isa = PBXGroup;
			children = (
				63BAFEEB26F1CA460084DE71 /* NextStep.app */,
				63BAFF0126F1CA480084DE71 /* NextStepTests.xctest */,
				63BAFF0C26F1CA480084DE71 /* NextStepUITests.xctest */,
			);
			name = Products;
			sourceTree = "<group>";
		};
		63BAFEED26F1CA460084DE71 /* NextStep */ = {
			isa = PBXGroup;
			children = (
				63BAFEEE26F1CA460084DE71 /* AppDelegate.swift */,
				63BAFEF026F1CA460084DE71 /* SceneDelegate.swift */,
				63BAFEF226F1CA460084DE71 /* ContentView.swift */,
				63BAFEF426F1CA480084DE71 /* Assets.xcassets */,
				63BAFEF926F1CA480084DE71 /* LaunchScreen.storyboard */,
				63BAFEFC26F1CA480084DE71 /* Info.plist */,
				63BAFEF626F1CA480084DE71 /* Preview Content */,
			);
			path = NextStep;
			sourceTree = "<group>";
		};
		63BAFEF626F1CA480084DE71 /* Preview Content */ = {
			isa = PBXGroup;
			children = (
				63BAFEF726F1CA480084DE71 /* Preview Assets.xcassets */,
			);
			path = "Preview Content";
			sourceTree = "<group>";
		};
		63BAFF0426F1CA480084DE71 /* NextStepTests */ = {
			isa = PBXGroup;
			children = (
				63BAFF0526F1CA480084DE71 /* NextStepTests.swift */,
				63BAFF0726F1CA480084DE71 /* Info.plist */,
			);
			path = NextStepTests;
			sourceTree = "<group>";
		};
		63BAFF0F26F1CA480084DE71 /* NextStepUITests */ = {
			isa = PBXGroup;
			children = (
				63BAFF1026F1CA480084DE71 /* NextStepUITests.swift */,
				63BAFF1226F1CA480084DE71 /* Info.plist */,
			);
			path = NextStepUITests;
			sourceTree = "<group>";
		};
/* End PBXGroup section */

/* Begin PBXNativeTarget section */
		63BAFEEA26F1CA460084DE71 /* NextStep */ = {
			isa = PBXNativeTarget;
			buildConfigurationList = 63BAFF1526F1CA480084DE71 /* Build configuration list for PBXNativeTarget "NextStep" */;
			buildPhases = (
				63BAFEE726F1CA460084DE71 /* Sources */,
				63BAFEE826F1CA460084DE71 /* Frameworks */,
				63BAFEE926F1CA460084DE71 /* Resources */,
			);
			buildRules = (
			);
			dependencies = (
			);
			name = NextStep;
			productName = NextStep;
			productReference = 63BAFEEB26F1CA460084DE71 /* NextStep.app */;
			productType = "com.apple.product-type.application";
		};
		63BAFF0026F1CA480084DE71 /* NextStepTests */ = {
			isa = PBXNativeTarget;
			buildConfigurationList = 63BAFF1826F1CA480084DE71 /* Build configuration list for PBXNativeTarget "NextStepTests" */;
			buildPhases = (
				63BAFEFD26F1CA480084DE71 /* Sources */,
				63BAFEFE26F1CA480084DE71 /* Frameworks */,
				63BAFEFF26F1CA480084DE71 /* Resources */,
			);
			buildRules = (
			);
			dependencies = (
				63BAFF0326F1CA480084DE71 /* PBXTargetDependency */,
			);
			name = NextStepTests;
			productName = NextStepTests;
			productReference = 63BAFF0126F1CA480084DE71 /* NextStepTests.xctest */;
			productType = "com.apple.product-type.bundle.unit-test";
		};
		63BAFF0B26F1CA480084DE71 /* NextStepUITests */ = {
			isa = PBXNativeTarget;
			buildConfigurationList = 63BAFF1B26F1CA480084DE71 /* Build configuration list for PBXNativeTarget "NextStepUITests" */;
			buildPhases = (
				63BAFF0826F1CA480084DE71 /* Sources */,
				63BAFF0926F1CA480084DE71 /* Frameworks */,
				63BAFF0A26F1CA480084DE71 /* Resources */,
			);
			buildRules = (
			);
			dependencies = (
				63BAFF0E26F1CA480084DE71 /* PBXTargetDependency */,
			);
			name = NextStepUITests;
			productName = NextStepUITests;
			productReference = 63BAFF0C26F1CA480084DE71 /* NextStepUITests.xctest */;
			productType = "com.apple.product-type.bundle.ui-testing";
		};
/* End PBXNativeTarget section */

/* Begin PBXProject section */
		63BAFEE326F1CA460084DE71 /* Project object */ = {
			isa = PBXProject;
			attributes = {
				LastSwiftUpdateCheck = 1250;
				LastUpgradeCheck = 1250;
				TargetAttributes = {
					63BAFEEA26F1CA460084DE71 = {
						CreatedOnToolsVersion = 12.5.1;
					};
					63BAFF0026F1CA480084DE71 = {
						CreatedOnToolsVersion = 12.5.1;
						TestTargetID = 63BAFEEA26F1CA460084DE71;
					};
					63BAFF0B26F1CA480084DE71 = {
						CreatedOnToolsVersion = 12.5.1;
						TestTargetID = 63BAFEEA26F1CA460084DE71;
					};
				};
			};
			buildConfigurationList = 63BAFEE626F1CA460084DE71 /* Build configuration list for PBXProject "NextStep" */;
			compatibilityVersion = "Xcode 9.3";
			developmentRegion = en;
			hasScannedForEncodings = 0;
			knownRegions = (
				en,
				Base,
			);
			mainGroup = 63BAFEE226F1CA460084DE71;
			productRefGroup = 63BAFEEC26F1CA460084DE71 /* Products */;
			projectDirPath = "";
			projectRoot = "";
			targets = (
				63BAFEEA26F1CA460084DE71 /* NextStep */,
				63BAFF0026F1CA480084DE71 /* NextStepTests */,
				63BAFF0B26F1CA480084DE71 /* NextStepUITests */,
			);
		};
/* End PBXProject section */

/* Begin PBXResourcesBuildPhase section */
		63BAFEE926F1CA460084DE71 /* Resources */ = {
			isa = PBXResourcesBuildPhase;
			buildActionMask = 2147483647;
			files = (
				63BAFEFB26F1CA480084DE71 /* LaunchScreen.storyboard in Resources */,
				63BAFEF826F1CA480084DE71 /* Preview Assets.xcassets in Resources */,
				63BAFEF526F1CA480084DE71 /* Assets.xcassets in Resources */,
			);
			runOnlyForDeploymentPostprocessing = 0;
		};
		63BAFEFF26F1CA480084DE71 /* Resources */ = {
			isa = PBXResourcesBuildPhase;
			buildActionMask = 2147483647;
			files = (
			);
			runOnlyForDeploymentPostprocessing = 0;
		};
		63BAFF0A26F1CA480084DE71 /* Resources */ = {
			isa = PBXResourcesBuildPhase;
			buildActionMask = 2147483647;
			files = (
			);
			runOnlyForDeploymentPostprocessing = 0;
		};
/* End PBXResourcesBuildPhase section */

/* Begin PBXSourcesBuildPhase section */
		63BAFEE726F1CA460084DE71 /* Sources */ = {
			isa = PBXSourcesBuildPhase;
			buildActionMask = 2147483647;
			files = (
				63BAFEEF26F1CA460084DE71 /* AppDelegate.swift in Sources */,
				63BAFEF126F1CA460084DE71 /* SceneDelegate.swift in Sources */,
				63BAFEF326F1CA460084DE71 /* ContentView.swift in Sources */,
			);
			runOnlyForDeploymentPostprocessing = 0;
		};
		63BAFEFD26F1CA480084DE71 /* Sources */ = {
			isa = PBXSourcesBuildPhase;
			buildActionMask = 2147483647;
			files = (
				63BAFF0626F1CA480084DE71 /* NextStepTests.swift in Sources */,
			);
			runOnlyForDeploymentPostprocessing = 0;
		};
		63BAFF0826F1CA480084DE71 /* Sources */ = {
			isa = PBXSourcesBuildPhase;
			buildActionMask = 2147483647;
			files = (
				63BAFF1126F1CA480084DE71 /* NextStepUITests.swift in Sources */,
			);
			runOnlyForDeploymentPostprocessing = 0;
		};
/* End PBXSourcesBuildPhase section */

/* Begin PBXTargetDependency section */
		63BAFF0326F1CA480084DE71 /* PBXTargetDependency */ = {
			isa = PBXTargetDependency;
			target = 63BAFEEA26F1CA460084DE71 /* NextStep */;
			targetProxy = 63BAFF0226F1CA480084DE71 /* PBXContainerItemProxy */;
		};
		63BAFF0E26F1CA480084DE71 /* PBXTargetDependency */ = {
			isa = PBXTargetDependency;
			target = 63BAFEEA26F1CA460084DE71 /* NextStep */;
			targetProxy = 63BAFF0D26F1CA480084DE71 /* PBXContainerItemProxy */;
		};
/* End PBXTargetDependency section */

/* Begin PBXVariantGroup section */
		63BAFEF926F1CA480084DE71 /* LaunchScreen.storyboard */ = {
			isa = PBXVariantGroup;
			children = (
				63BAFEFA26F1CA480084DE71 /* Base */,
			);
			name = LaunchScreen.storyboard;
			sourceTree = "<group>";
		};
/* End PBXVariantGroup section */

/* Begin XCBuildConfiguration section */
		63BAFF1326F1CA480084DE71 /* Debug */ = {
			isa = XCBuildConfiguration;
			buildSettings = {
				ALWAYS_SEARCH_USER_PATHS = NO;
				CLANG_ANALYZER_NONNULL = YES;
				CLANG_ANALYZER_NUMBER_OBJECT_CONVERSION = YES_AGGRESSIVE;
				CLANG_CXX_LANGUAGE_STANDARD = "gnu++14";
				CLANG_CXX_LIBRARY = "libc++";
				CLANG_ENABLE_MODULES = YES;
				CLANG_ENABLE_OBJC_ARC = YES;
				CLANG_ENABLE_OBJC_WEAK = YES;
				CLANG_WARN_BLOCK_CAPTURE_AUTORELEASING = YES;
				CLANG_WARN_BOOL_CONVERSION = YES;
				CLANG_WARN_COMMA = YES;
				CLANG_WARN_CONSTANT_CONVERSION = YES;
				CLANG_WARN_DEPRECATED_OBJC_IMPLEMENTATIONS = YES;
				CLANG_WARN_DIRECT_OBJC_ISA_USAGE = YES_ERROR;
				CLANG_WARN_DOCUMENTATION_COMMENTS = YES;
				CLANG_WARN_EMPTY_BODY = YES;
				CLANG_WARN_ENUM_CONVERSION = YES;
				CLANG_WARN_INFINITE_RECURSION = YES;
				CLANG_WARN_INT_CONVERSION = YES;
				CLANG_WARN_NON_LITERAL_NULL_CONVERSION = YES;
				CLANG_WARN_OBJC_IMPLICIT_RETAIN_SELF = YES;
				CLANG_WARN_OBJC_LITERAL_CONVERSION = YES;
				CLANG_WARN_OBJC_ROOT_CLASS = YES_ERROR;
				CLANG_WARN_QUOTED_INCLUDE_IN_FRAMEWORK_HEADER = YES;
				CLANG_WARN_RANGE_LOOP_ANALYSIS = YES;
				CLANG_WARN_STRICT_PROTOTYPES = YES;
				CLANG_WARN_SUSPICIOUS_MOVE = YES;
				CLANG_WARN_UNGUARDED_AVAILABILITY = YES_AGGRESSIVE;
				CLANG_WARN_UNREACHABLE_CODE = YES;
				CLANG_WARN__DUPLICATE_METHOD_MATCH = YES;
				COPY_PHASE_STRIP = NO;
				DEBUG_INFORMATION_FORMAT = dwarf;
				ENABLE_STRICT_OBJC_MSGSEND = YES;
				ENABLE_TESTABILITY = YES;
				GCC_C_LANGUAGE_STANDARD = gnu11;
				GCC_DYNAMIC_NO_PIC = NO;
				GCC_NO_COMMON_BLOCKS = YES;
				GCC_OPTIMIZATION_LEVEL = 0;
				GCC_PREPROCESSOR_DEFINITIONS = (
					"DEBUG=1",
					"$(inherited)",
				);
				GCC_WARN_64_TO_32_BIT_CONVERSION = YES;
				GCC_WARN_ABOUT_RETURN_TYPE = YES_ERROR;
				GCC_WARN_UNDECLARED_SELECTOR = YES;
				GCC_WARN_UNINITIALIZED_AUTOS = YES_AGGRESSIVE;
				GCC_WARN_UNUSED_FUNCTION = YES;
				GCC_WARN_UNUSED_VARIABLE = YES;
				IPHONEOS_DEPLOYMENT_TARGET = 14.5;
				MTL_ENABLE_DEBUG_INFO = INCLUDE_SOURCE;
				MTL_FAST_MATH = YES;
				ONLY_ACTIVE_ARCH = YES;
				SDKROOT = iphoneos;
				SWIFT_ACTIVE_COMPILATION_CONDITIONS = DEBUG;
				SWIFT_OPTIMIZATION_LEVEL = "-Onone";
			};
			name = Debug;
		};
		63BAFF1426F1CA480084DE71 /* Release */ = {
			isa = XCBuildConfiguration;
			buildSettings = {
				ALWAYS_SEARCH_USER_PATHS = NO;
				CLANG_ANALYZER_NONNULL = YES;
				CLANG_ANALYZER_NUMBER_OBJECT_CONVERSION = YES_AGGRESSIVE;
				CLANG_CXX_LANGUAGE_STANDARD = "gnu++14";
				CLANG_CXX_LIBRARY = "libc++";
				CLANG_ENABLE_MODULES = YES;
				CLANG_ENABLE_OBJC_ARC = YES;
				CLANG_ENABLE_OBJC_WEAK = YES;
				CLANG_WARN_BLOCK_CAPTURE_AUTORELEASING = YES;
				CLANG_WARN_BOOL_CONVERSION = YES;
				CLANG_WARN_COMMA = YES;
				CLANG_WARN_CONSTANT_CONVERSION = YES;
				CLANG_WARN_DEPRECATED_OBJC_IMPLEMENTATIONS = YES;
				CLANG_WARN_DIRECT_OBJC_ISA_USAGE = YES_ERROR;
				CLANG_WARN_DOCUMENTATION_COMMENTS = YES;
				CLANG_WARN_EMPTY_BODY = YES;
				CLANG_WARN_ENUM_CONVERSION = YES;
				CLANG_WARN_INFINITE_RECURSION = YES;
				CLANG_WARN_INT_CONVERSION = YES;
				CLANG_WARN_NON_LITERAL_NULL_CONVERSION = YES;
				CLANG_WARN_OBJC_IMPLICIT_RETAIN_SELF = YES;
				CLANG_WARN_OBJC_LITERAL_CONVERSION = YES;
				CLANG_WARN_OBJC_ROOT_CLASS = YES_ERROR;
				CLANG_WARN_QUOTED_INCLUDE_IN_FRAMEWORK_HEADER = YES;
				CLANG_WARN_RANGE_LOOP_ANALYSIS = YES;
				CLANG_WARN_STRICT_PROTOTYPES = YES;
				CLANG_WARN_SUSPICIOUS_MOVE = YES;
				CLANG_WARN_UNGUARDED_AVAILABILITY = YES_AGGRESSIVE;
				CLANG_WARN_UNREACHABLE_CODE = YES;
				CLANG_WARN__DUPLICATE_METHOD_MATCH = YES;
				COPY_PHASE_STRIP = NO;
				DEBUG_INFORMATION_FORMAT = "dwarf-with-dsym";
				ENABLE_NS_ASSERTIONS = NO;
				ENABLE_STRICT_OBJC_MSGSEND = YES;
				GCC_C_LANGUAGE_STANDARD = gnu11;
				GCC_NO_COMMON_BLOCKS = YES;
				GCC_WARN_64_TO_32_BIT_CONVERSION = YES;
				GCC_WARN_ABOUT_RETURN_TYPE = YES_ERROR;
				GCC_WARN_UNDECLARED_SELECTOR = YES;
				GCC_WARN_UNINITIALIZED_AUTOS = YES_AGGRESSIVE;
				GCC_WARN_UNUSED_FUNCTION = YES;
				GCC_WARN_UNUSED_VARIABLE = YES;
				IPHONEOS_DEPLOYMENT_TARGET = 14.5;
				MTL_ENABLE_DEBUG_INFO = NO;
				MTL_FAST_MATH = YES;
				SDKROOT = iphoneos;
				SWIFT_COMPILATION_MODE = wholemodule;
				SWIFT_OPTIMIZATION_LEVEL = "-O";
				VALIDATE_PRODUCT = YES;
			};
			name = Release;
		};
		63BAFF1626F1CA480084DE71 /* Debug */ = {
			isa = XCBuildConfiguration;
			buildSettings = {
				ASSETCATALOG_COMPILER_APPICON_NAME = AppIcon;
				ASSETCATALOG_COMPILER_GLOBAL_ACCENT_COLOR_NAME = AccentColor;
				CODE_SIGN_STYLE = Automatic;
				DEVELOPMENT_ASSET_PATHS = "\"NextStep/Preview Content\"";
				DEVELOPMENT_TEAM = M743JMVNTV;
				ENABLE_PREVIEWS = YES;
				INFOPLIST_FILE = NextStep/Info.plist;
				LD_RUNPATH_SEARCH_PATHS = (
					"$(inherited)",
					"@executable_path/Frameworks",
				);
				PRODUCT_BUNDLE_IDENTIFIER = com.basic.NextStep;
				PRODUCT_NAME = "$(TARGET_NAME)";
				SWIFT_VERSION = 5.0;
				TARGETED_DEVICE_FAMILY = "1,2";
			};
			name = Debug;
		};
		63BAFF1726F1CA480084DE71 /* Release */ = {
			isa = XCBuildConfiguration;
			buildSettings = {
				ASSETCATALOG_COMPILER_APPICON_NAME = AppIcon;
				ASSETCATALOG_COMPILER_GLOBAL_ACCENT_COLOR_NAME = AccentColor;
				CODE_SIGN_STYLE = Automatic;
				DEVELOPMENT_ASSET_PATHS = "\"NextStep/Preview Content\"";
				DEVELOPMENT_TEAM = M743JMVNTV;
				ENABLE_PREVIEWS = YES;
				INFOPLIST_FILE = NextStep/Info.plist;
				LD_RUNPATH_SEARCH_PATHS = (
					"$(inherited)",
					"@executable_path/Frameworks",
				);
				PRODUCT_BUNDLE_IDENTIFIER = com.basic.NextStep;
				PRODUCT_NAME = "$(TARGET_NAME)";
				SWIFT_VERSION = 5.0;
				TARGETED_DEVICE_FAMILY = "1,2";
			};
			name = Release;
		};
		63BAFF1926F1CA480084DE71 /* Debug */ = {
			isa = XCBuildConfiguration;
			buildSettings = {
				ALWAYS_EMBED_SWIFT_STANDARD_LIBRARIES = YES;
				BUNDLE_LOADER = "$(TEST_HOST)";
				CODE_SIGN_STYLE = Automatic;
				DEVELOPMENT_TEAM = M743JMVNTV;
				INFOPLIST_FILE = NextStepTests/Info.plist;
				IPHONEOS_DEPLOYMENT_TARGET = 14.5;
				LD_RUNPATH_SEARCH_PATHS = (
					"$(inherited)",
					"@executable_path/Frameworks",
					"@loader_path/Frameworks",
				);
				PRODUCT_BUNDLE_IDENTIFIER = com.basic.NextStepTests;
				PRODUCT_NAME = "$(TARGET_NAME)";
				SWIFT_VERSION = 5.0;
				TARGETED_DEVICE_FAMILY = "1,2";
				TEST_HOST = "$(BUILT_PRODUCTS_DIR)/NextStep.app/NextStep";
			};
			name = Debug;
		};
		63BAFF1A26F1CA480084DE71 /* Release */ = {
			isa = XCBuildConfiguration;
			buildSettings = {
				ALWAYS_EMBED_SWIFT_STANDARD_LIBRARIES = YES;
				BUNDLE_LOADER = "$(TEST_HOST)";
				CODE_SIGN_STYLE = Automatic;
				DEVELOPMENT_TEAM = M743JMVNTV;
				INFOPLIST_FILE = NextStepTests/Info.plist;
				IPHONEOS_DEPLOYMENT_TARGET = 14.5;
				LD_RUNPATH_SEARCH_PATHS = (
					"$(inherited)",
					"@executable_path/Frameworks",
					"@loader_path/Frameworks",
				);
				PRODUCT_BUNDLE_IDENTIFIER = com.basic.NextStepTests;
				PRODUCT_NAME = "$(TARGET_NAME)";
				SWIFT_VERSION = 5.0;
				TARGETED_DEVICE_FAMILY = "1,2";
				TEST_HOST = "$(BUILT_PRODUCTS_DIR)/NextStep.app/NextStep";
			};
			name = Release;
		};
		63BAFF1C26F1CA480084DE71 /* Debug */ = {
			isa = XCBuildConfiguration;
			buildSettings = {
				ALWAYS_EMBED_SWIFT_STANDARD_LIBRARIES = YES;
				CODE_SIGN_STYLE = Automatic;
				DEVELOPMENT_TEAM = M743JMVNTV;
				INFOPLIST_FILE = NextStepUITests/Info.plist;
				LD_RUNPATH_SEARCH_PATHS = (
					"$(inherited)",
					"@executable_path/Frameworks",
					"@loader_path/Frameworks",
				);
				PRODUCT_BUNDLE_IDENTIFIER = com.basic.NextStepUITests;
				PRODUCT_NAME = "$(TARGET_NAME)";
				SWIFT_VERSION = 5.0;
				TARGETED_DEVICE_FAMILY = "1,2";
				TEST_TARGET_NAME = NextStep;
			};
			name = Debug;
		};
		63BAFF1D26F1CA480084DE71 /* Release */ = {
			isa = XCBuildConfiguration;
			buildSettings = {
				ALWAYS_EMBED_SWIFT_STANDARD_LIBRARIES = YES;
				CODE_SIGN_STYLE = Automatic;
				DEVELOPMENT_TEAM = M743JMVNTV;
				INFOPLIST_FILE = NextStepUITests/Info.plist;
				LD_RUNPATH_SEARCH_PATHS = (
					"$(inherited)",
					"@executable_path/Frameworks",
					"@loader_path/Frameworks",
				);
				PRODUCT_BUNDLE_IDENTIFIER = com.basic.NextStepUITests;
				PRODUCT_NAME = "$(TARGET_NAME)";
				SWIFT_VERSION = 5.0;
				TARGETED_DEVICE_FAMILY = "1,2";
				TEST_TARGET_NAME = NextStep;
			};
			name = Release;
		};
/* End XCBuildConfiguration section */

/* Begin XCConfigurationList section */
		63BAFEE626F1CA460084DE71 /* Build configuration list for PBXProject "NextStep" */ = {
			isa = XCConfigurationList;
			buildConfigurations = (
				63BAFF1326F1CA480084DE71 /* Debug */,
				63BAFF1426F1CA480084DE71 /* Release */,
			);
			defaultConfigurationIsVisible = 0;
			defaultConfigurationName = Release;
		};
		63BAFF1526F1CA480084DE71 /* Build configuration list for PBXNativeTarget "NextStep" */ = {
			isa = XCConfigurationList;
			buildConfigurations = (
				63BAFF1626F1CA480084DE71 /* Debug */,
				63BAFF1726F1CA480084DE71 /* Release */,
			);
			defaultConfigurationIsVisible = 0;
			defaultConfigurationName = Release;
		};
		63BAFF1826F1CA480084DE71 /* Build configuration list for PBXNativeTarget "NextStepTests" */ = {
			isa = XCConfigurationList;
			buildConfigurations = (
				63BAFF1926F1CA480084DE71 /* Debug */,
				63BAFF1A26F1CA480084DE71 /* Release */,
			);
			defaultConfigurationIsVisible = 0;
			defaultConfigurationName = Release;
		};
		63BAFF1B26F1CA480084DE71 /* Build configuration list for PBXNativeTarget "NextStepUITests" */ = {
			isa = XCConfigurationList;
			buildConfigurations = (
				63BAFF1C26F1CA480084DE71 /* Debug */,
				63BAFF1D26F1CA480084DE71 /* Release */,
			);
			defaultConfigurationIsVisible = 0;
			defaultConfigurationName = Release;
		};
/* End XCConfigurationList section */
	};
	rootObject = 63BAFEE326F1CA460084DE71 /* Project object */;
}
